// !$*UTF8*$!
{
	archiveVersion = 1;
	classes = {
	};
	objectVersion = 50;
	objects = {

/* Begin PBXBuildFile section */
		3B01B1EB246268C300239EAD /* AppDelegate.m in Sources */ = {isa = PBXBuildFile; fileRef = 3B01B1EA246268C300239EAD /* AppDelegate.m */; };
		3B01B1F1246268C300239EAD /* ViewController.m in Sources */ = {isa = PBXBuildFile; fileRef = 3B01B1F0246268C300239EAD /* ViewController.m */; };
		3B01B1F6246268C700239EAD /* Assets.xcassets in Resources */ = {isa = PBXBuildFile; fileRef = 3B01B1F5246268C700239EAD /* Assets.xcassets */; };
		3B01B1FC246268C700239EAD /* main.m in Sources */ = {isa = PBXBuildFile; fileRef = 3B01B1FB246268C700239EAD /* main.m */; };
		3B01B208246269EA00239EAD /* TriangleViewController.m in Sources */ = {isa = PBXBuildFile; fileRef = 3B01B207246269EA00239EAD /* TriangleViewController.m */; };
		3B061A762462B224009DBDD3 /* passthrough.vsh in Resources */ = {isa = PBXBuildFile; fileRef = 3B061A752462B224009DBDD3 /* passthrough.vsh */; };
		3B061A782462B242009DBDD3 /* passthrough.fsh in Resources */ = {isa = PBXBuildFile; fileRef = 3B061A772462B242009DBDD3 /* passthrough.fsh */; };
		3B76AE2F246989E000FBA7E8 /* PreserAspectRatioForceViewController.m in Sources */ = {isa = PBXBuildFile; fileRef = 3B76AE2E246989E000FBA7E8 /* PreserAspectRatioForceViewController.m */; };
		3B76AE332469C6AE00FBA7E8 /* OpenGLDisplayFillModeViewController.m in Sources */ = {isa = PBXBuildFile; fileRef = 3B76AE322469C6AE00FBA7E8 /* OpenGLDisplayFillModeViewController.m */; };
		3B76AE372469D0C000FBA7E8 /* OpenGLSampleModeViewController.m in Sources */ = {isa = PBXBuildFile; fileRef = 3B76AE362469D0C000FBA7E8 /* OpenGLSampleModeViewController.m */; };
		3B7AC28424647904006DDE6E /* DrawImageViewController.m in Sources */ = {isa = PBXBuildFile; fileRef = 3B7AC28324647904006DDE6E /* DrawImageViewController.m */; };
		3B7AC2862464790B006DDE6E /* avatar.JPG in Resources */ = {isa = PBXBuildFile; fileRef = 3B7AC2852464790B006DDE6E /* avatar.JPG */; };
		3B7AC28824647D6F006DDE6E /* image.vsh in Resources */ = {isa = PBXBuildFile; fileRef = 3B7AC28724647D6F006DDE6E /* image.vsh */; };
		3B7AC28A24647DDA006DDE6E /* image.fsh in Resources */ = {isa = PBXBuildFile; fileRef = 3B7AC28924647DDA006DDE6E /* image.fsh */; };
		3B7D6256246ED67800171CC1 /* RotatingCubeViewController.m in Sources */ = {isa = PBXBuildFile; fileRef = 3B7D6254246ED67800171CC1 /* RotatingCubeViewController.m */; };
		3B7D6257246ED67800171CC1 /* RotatingCubeViewController.xib in Resources */ = {isa = PBXBuildFile; fileRef = 3B7D6255246ED67800171CC1 /* RotatingCubeViewController.xib */; };
		3B7D625B246EF4A700171CC1 /* RotatingCube.vsh in Resources */ = {isa = PBXBuildFile; fileRef = 3B7D625A246EF4A700171CC1 /* RotatingCube.vsh */; };
		3B7D625D246EF50300171CC1 /* RotatingCube.fsh in Resources */ = {isa = PBXBuildFile; fileRef = 3B7D625C246EF50300171CC1 /* RotatingCube.fsh */; };
		3B7E6288246BE000001FA4CE /* CustomFilterChainViewController.m in Sources */ = {isa = PBXBuildFile; fileRef = 3B7E6286246BE000001FA4CE /* CustomFilterChainViewController.m */; };
		3B7E6289246BE000001FA4CE /* CustomFilterChainViewController.xib in Resources */ = {isa = PBXBuildFile; fileRef = 3B7E6287246BE000001FA4CE /* CustomFilterChainViewController.xib */; };
		3B89454E2463277A0046F231 /* OpenGLESUtils.m in Sources */ = {isa = PBXBuildFile; fileRef = 3B89454D2463277A0046F231 /* OpenGLESUtils.m */; };
		3BA5AA24246D172500C150FF /* ThreeDimentionTransformViewController.m in Sources */ = {isa = PBXBuildFile; fileRef = 3BA5AA22246D172500C150FF /* ThreeDimentionTransformViewController.m */; };
		3BA5AA25246D172500C150FF /* ThreeDimentionTransformViewController.xib in Resources */ = {isa = PBXBuildFile; fileRef = 3BA5AA23246D172500C150FF /* ThreeDimentionTransformViewController.xib */; };
		3BA5AA27246D1D1E00C150FF /* ThreeDimentionTransform.vsh in Resources */ = {isa = PBXBuildFile; fileRef = 3BA5AA26246D1D1E00C150FF /* ThreeDimentionTransform.vsh */; };
		3BA5AA29246D1D2D00C150FF /* ThreeDimentionTransform.fsh in Resources */ = {isa = PBXBuildFile; fileRef = 3BA5AA28246D1D2D00C150FF /* ThreeDimentionTransform.fsh */; };
		3BA5AB04247289D700C150FF /* RenderCameraBufferViewController.m in Sources */ = {isa = PBXBuildFile; fileRef = 3BA5AB02247289D700C150FF /* RenderCameraBufferViewController.m */; };
		3BA5AB05247289D700C150FF /* RenderCameraBufferViewController.xib in Resources */ = {isa = PBXBuildFile; fileRef = 3BA5AB03247289D700C150FF /* RenderCameraBufferViewController.xib */; };
		3BA5AB072472953F00C150FF /* RenderCameraBuffer.vsh in Resources */ = {isa = PBXBuildFile; fileRef = 3BA5AB062472953F00C150FF /* RenderCameraBuffer.vsh */; };
		3BA5AB092472954C00C150FF /* RenderCameraBuffer.fsh in Resources */ = {isa = PBXBuildFile; fileRef = 3BA5AB082472954C00C150FF /* RenderCameraBuffer.fsh */; };
		3BCEC219246964CE00BD0C10 /* TestAVFoundationAspectRatioViewController.m in Sources */ = {isa = PBXBuildFile; fileRef = 3BCEC218246964CE00BD0C10 /* TestAVFoundationAspectRatioViewController.m */; };
		3BCEC21F246A8B4E00BD0C10 /* GaryFilter.fsh in Resources */ = {isa = PBXBuildFile; fileRef = 3BCEC21E246A8B4E00BD0C10 /* GaryFilter.fsh */; };
		3BCEC221246A8B6900BD0C10 /* BrightnessFilter.fsh in Resources */ = {isa = PBXBuildFile; fileRef = 3BCEC220246A8B6900BD0C10 /* BrightnessFilter.fsh */; };
		3BCEC223246A917000BD0C10 /* PassthroughTexture.vsh in Resources */ = {isa = PBXBuildFile; fileRef = 3BCEC222246A917000BD0C10 /* PassthroughTexture.vsh */; };
/* End PBXBuildFile section */

/* Begin PBXFileReference section */
		3B01B1E6246268C300239EAD /* OpenGLTest.app */ = {isa = PBXFileReference; explicitFileType = wrapper.application; includeInIndex = 0; path = OpenGLTest.app; sourceTree = BUILT_PRODUCTS_DIR; };
		3B01B1E9246268C300239EAD /* AppDelegate.h */ = {isa = PBXFileReference; lastKnownFileType = sourcecode.c.h; path = AppDelegate.h; sourceTree = "<group>"; };
		3B01B1EA246268C300239EAD /* AppDelegate.m */ = {isa = PBXFileReference; lastKnownFileType = sourcecode.c.objc; path = AppDelegate.m; sourceTree = "<group>"; };
		3B01B1EF246268C300239EAD /* ViewController.h */ = {isa = PBXFileReference; lastKnownFileType = sourcecode.c.h; path = ViewController.h; sourceTree = "<group>"; };
		3B01B1F0246268C300239EAD /* ViewController.m */ = {isa = PBXFileReference; lastKnownFileType = sourcecode.c.objc; path = ViewController.m; sourceTree = "<group>"; };
		3B01B1F5246268C700239EAD /* Assets.xcassets */ = {isa = PBXFileReference; lastKnownFileType = folder.assetcatalog; path = Assets.xcassets; sourceTree = "<group>"; };
		3B01B1FA246268C700239EAD /* Info.plist */ = {isa = PBXFileReference; lastKnownFileType = text.plist.xml; path = Info.plist; sourceTree = "<group>"; };
		3B01B1FB246268C700239EAD /* main.m */ = {isa = PBXFileReference; lastKnownFileType = sourcecode.c.objc; path = main.m; sourceTree = "<group>"; };
		3B01B206246269EA00239EAD /* TriangleViewController.h */ = {isa = PBXFileReference; lastKnownFileType = sourcecode.c.h; path = TriangleViewController.h; sourceTree = "<group>"; };
		3B01B207246269EA00239EAD /* TriangleViewController.m */ = {isa = PBXFileReference; lastKnownFileType = sourcecode.c.objc; path = TriangleViewController.m; sourceTree = "<group>"; };
		3B061A752462B224009DBDD3 /* passthrough.vsh */ = {isa = PBXFileReference; lastKnownFileType = sourcecode.glsl; path = passthrough.vsh; sourceTree = "<group>"; };
		3B061A772462B242009DBDD3 /* passthrough.fsh */ = {isa = PBXFileReference; lastKnownFileType = sourcecode.glsl; path = passthrough.fsh; sourceTree = "<group>"; };
		3B76AE2D246989E000FBA7E8 /* PreserAspectRatioForceViewController.h */ = {isa = PBXFileReference; lastKnownFileType = sourcecode.c.h; path = PreserAspectRatioForceViewController.h; sourceTree = "<group>"; };
		3B76AE2E246989E000FBA7E8 /* PreserAspectRatioForceViewController.m */ = {isa = PBXFileReference; lastKnownFileType = sourcecode.c.objc; path = PreserAspectRatioForceViewController.m; sourceTree = "<group>"; };
		3B76AE312469C6AE00FBA7E8 /* OpenGLDisplayFillModeViewController.h */ = {isa = PBXFileReference; lastKnownFileType = sourcecode.c.h; path = OpenGLDisplayFillModeViewController.h; sourceTree = "<group>"; };
		3B76AE322469C6AE00FBA7E8 /* OpenGLDisplayFillModeViewController.m */ = {isa = PBXFileReference; lastKnownFileType = sourcecode.c.objc; path = OpenGLDisplayFillModeViewController.m; sourceTree = "<group>"; };
		3B76AE352469D0C000FBA7E8 /* OpenGLSampleModeViewController.h */ = {isa = PBXFileReference; lastKnownFileType = sourcecode.c.h; path = OpenGLSampleModeViewController.h; sourceTree = "<group>"; };
		3B76AE362469D0C000FBA7E8 /* OpenGLSampleModeViewController.m */ = {isa = PBXFileReference; lastKnownFileType = sourcecode.c.objc; path = OpenGLSampleModeViewController.m; sourceTree = "<group>"; };
		3B7AC28224647904006DDE6E /* DrawImageViewController.h */ = {isa = PBXFileReference; lastKnownFileType = sourcecode.c.h; path = DrawImageViewController.h; sourceTree = "<group>"; };
		3B7AC28324647904006DDE6E /* DrawImageViewController.m */ = {isa = PBXFileReference; lastKnownFileType = sourcecode.c.objc; path = DrawImageViewController.m; sourceTree = "<group>"; };
		3B7AC2852464790B006DDE6E /* avatar.JPG */ = {isa = PBXFileReference; lastKnownFileType = image.jpeg; path = avatar.JPG; sourceTree = "<group>"; };
		3B7AC28724647D6F006DDE6E /* image.vsh */ = {isa = PBXFileReference; lastKnownFileType = sourcecode.glsl; path = image.vsh; sourceTree = "<group>"; };
		3B7AC28924647DDA006DDE6E /* image.fsh */ = {isa = PBXFileReference; lastKnownFileType = sourcecode.glsl; path = image.fsh; sourceTree = "<group>"; };
		3B7D6253246ED67800171CC1 /* RotatingCubeViewController.h */ = {isa = PBXFileReference; lastKnownFileType = sourcecode.c.h; path = RotatingCubeViewController.h; sourceTree = "<group>"; };
		3B7D6254246ED67800171CC1 /* RotatingCubeViewController.m */ = {isa = PBXFileReference; lastKnownFileType = sourcecode.c.objc; path = RotatingCubeViewController.m; sourceTree = "<group>"; };
		3B7D6255246ED67800171CC1 /* RotatingCubeViewController.xib */ = {isa = PBXFileReference; lastKnownFileType = file.xib; path = RotatingCubeViewController.xib; sourceTree = "<group>"; };
		3B7D625A246EF4A700171CC1 /* RotatingCube.vsh */ = {isa = PBXFileReference; lastKnownFileType = sourcecode.glsl; path = RotatingCube.vsh; sourceTree = "<group>"; };
		3B7D625C246EF50300171CC1 /* RotatingCube.fsh */ = {isa = PBXFileReference; lastKnownFileType = sourcecode.glsl; path = RotatingCube.fsh; sourceTree = "<group>"; };
		3B7E6285246BE000001FA4CE /* CustomFilterChainViewController.h */ = {isa = PBXFileReference; lastKnownFileType = sourcecode.c.h; path = CustomFilterChainViewController.h; sourceTree = "<group>"; };
		3B7E6286246BE000001FA4CE /* CustomFilterChainViewController.m */ = {isa = PBXFileReference; lastKnownFileType = sourcecode.c.objc; path = CustomFilterChainViewController.m; sourceTree = "<group>"; };
		3B7E6287246BE000001FA4CE /* CustomFilterChainViewController.xib */ = {isa = PBXFileReference; lastKnownFileType = file.xib; path = CustomFilterChainViewController.xib; sourceTree = "<group>"; };
		3B89454C2463277A0046F231 /* OpenGLESUtils.h */ = {isa = PBXFileReference; lastKnownFileType = sourcecode.c.h; path = OpenGLESUtils.h; sourceTree = "<group>"; };
		3B89454D2463277A0046F231 /* OpenGLESUtils.m */ = {isa = PBXFileReference; lastKnownFileType = sourcecode.c.objc; path = OpenGLESUtils.m; sourceTree = "<group>"; };
		3BA5AA21246D172500C150FF /* ThreeDimentionTransformViewController.h */ = {isa = PBXFileReference; lastKnownFileType = sourcecode.c.h; path = ThreeDimentionTransformViewController.h; sourceTree = "<group>"; };
		3BA5AA22246D172500C150FF /* ThreeDimentionTransformViewController.m */ = {isa = PBXFileReference; lastKnownFileType = sourcecode.c.objc; path = ThreeDimentionTransformViewController.m; sourceTree = "<group>"; };
		3BA5AA23246D172500C150FF /* ThreeDimentionTransformViewController.xib */ = {isa = PBXFileReference; lastKnownFileType = file.xib; path = ThreeDimentionTransformViewController.xib; sourceTree = "<group>"; };
		3BA5AA26246D1D1E00C150FF /* ThreeDimentionTransform.vsh */ = {isa = PBXFileReference; lastKnownFileType = sourcecode.glsl; path = ThreeDimentionTransform.vsh; sourceTree = "<group>"; };
		3BA5AA28246D1D2D00C150FF /* ThreeDimentionTransform.fsh */ = {isa = PBXFileReference; lastKnownFileType = sourcecode.glsl; path = ThreeDimentionTransform.fsh; sourceTree = "<group>"; };
		3BA5AB01247289D700C150FF /* RenderCameraBufferViewController.h */ = {isa = PBXFileReference; lastKnownFileType = sourcecode.c.h; path = RenderCameraBufferViewController.h; sourceTree = "<group>"; };
		3BA5AB02247289D700C150FF /* RenderCameraBufferViewController.m */ = {isa = PBXFileReference; lastKnownFileType = sourcecode.c.objc; path = RenderCameraBufferViewController.m; sourceTree = "<group>"; };
		3BA5AB03247289D700C150FF /* RenderCameraBufferViewController.xib */ = {isa = PBXFileReference; lastKnownFileType = file.xib; path = RenderCameraBufferViewController.xib; sourceTree = "<group>"; };
		3BA5AB062472953F00C150FF /* RenderCameraBuffer.vsh */ = {isa = PBXFileReference; lastKnownFileType = sourcecode.glsl; path = RenderCameraBuffer.vsh; sourceTree = "<group>"; };
		3BA5AB082472954C00C150FF /* RenderCameraBuffer.fsh */ = {isa = PBXFileReference; lastKnownFileType = sourcecode.glsl; path = RenderCameraBuffer.fsh; sourceTree = "<group>"; };
		3BCEC217246964CE00BD0C10 /* TestAVFoundationAspectRatioViewController.h */ = {isa = PBXFileReference; lastKnownFileType = sourcecode.c.h; path = TestAVFoundationAspectRatioViewController.h; sourceTree = "<group>"; };
		3BCEC218246964CE00BD0C10 /* TestAVFoundationAspectRatioViewController.m */ = {isa = PBXFileReference; lastKnownFileType = sourcecode.c.objc; path = TestAVFoundationAspectRatioViewController.m; sourceTree = "<group>"; };
		3BCEC21E246A8B4E00BD0C10 /* GaryFilter.fsh */ = {isa = PBXFileReference; lastKnownFileType = sourcecode.glsl; path = GaryFilter.fsh; sourceTree = "<group>"; };
		3BCEC220246A8B6900BD0C10 /* BrightnessFilter.fsh */ = {isa = PBXFileReference; lastKnownFileType = sourcecode.glsl; path = BrightnessFilter.fsh; sourceTree = "<group>"; };
		3BCEC222246A917000BD0C10 /* PassthroughTexture.vsh */ = {isa = PBXFileReference; lastKnownFileType = sourcecode.glsl; path = PassthroughTexture.vsh; sourceTree = "<group>"; };
		3BCEC225246A9F2C00BD0C10 /* OpenGLES.framework */ = {isa = PBXFileReference; lastKnownFileType = wrapper.framework; name = OpenGLES.framework; path = System/Library/Frameworks/OpenGLES.framework; sourceTree = SDKROOT; };
/* End PBXFileReference section */

/* Begin PBXFrameworksBuildPhase section */
		3B01B1E3246268C300239EAD /* Frameworks */ = {
			isa = PBXFrameworksBuildPhase;
			buildActionMask = 2147483647;
			files = (
			);
			runOnlyForDeploymentPostprocessing = 0;
		};
/* End PBXFrameworksBuildPhase section */

/* Begin PBXGroup section */
		3B01B1DD246268C300239EAD = {
			isa = PBXGroup;
			children = (
				3B01B1E8246268C300239EAD /* OpenGLTest */,
				3B01B1E7246268C300239EAD /* Products */,
				3BCEC224246A9F2C00BD0C10 /* Frameworks */,
			);
			sourceTree = "<group>";
		};
		3B01B1E7246268C300239EAD /* Products */ = {
			isa = PBXGroup;
			children = (
				3B01B1E6246268C300239EAD /* OpenGLTest.app */,
			);
			name = Products;
			sourceTree = "<group>";
		};
		3B01B1E8246268C300239EAD /* OpenGLTest */ = {
			isa = PBXGroup;
			children = (
				3B01B2022462696600239EAD /* src */,
				3B01B1E9246268C300239EAD /* AppDelegate.h */,
				3B01B1EA246268C300239EAD /* AppDelegate.m */,
				3B01B1EF246268C300239EAD /* ViewController.h */,
				3B01B1F0246268C300239EAD /* ViewController.m */,
				3B01B1F5246268C700239EAD /* Assets.xcassets */,
				3B01B1FA246268C700239EAD /* Info.plist */,
				3B01B1FB246268C700239EAD /* main.m */,
			);
			path = OpenGLTest;
			sourceTree = "<group>";
		};
		3B01B2022462696600239EAD /* src */ = {
			isa = PBXGroup;
			children = (
				3B061A742462B206009DBDD3 /* shaders */,
				3B01B204246269A600239EAD /* utils */,
				3B01B2032462698200239EAD /* tests */,
			);
			path = src;
			sourceTree = "<group>";
		};
		3B01B2032462698200239EAD /* tests */ = {
			isa = PBXGroup;
			children = (
				3B01B205246269B200239EAD /* 1.三角形 */,
				3B7AC281246478D9006DDE6E /* 2. 画一张图片 */,
				3BCEC2152469645E00BD0C10 /* 3. 纹理详解 */,
				3BCEC21A246A88BD00BD0C10 /* 4. 滤镜链 */,
				3BA5AA20246D16E900C150FF /* 5. 三维变换 */,
				3B7D6252246ED4AF00171CC1 /* 6. 旋转的立方体 */,
				3BA5AB002472893B00C150FF /* 7. 渲染摄像头采集数据（CVOpenGLESTextureCacheRef） */,
			);
			path = tests;
			sourceTree = "<group>";
		};
		3B01B204246269A600239EAD /* utils */ = {
			isa = PBXGroup;
			children = (
				3B89454C2463277A0046F231 /* OpenGLESUtils.h */,
				3B89454D2463277A0046F231 /* OpenGLESUtils.m */,
			);
			path = utils;
			sourceTree = "<group>";
		};
		3B01B205246269B200239EAD /* 1.三角形 */ = {
			isa = PBXGroup;
			children = (
				3B061A752462B224009DBDD3 /* passthrough.vsh */,
				3B061A772462B242009DBDD3 /* passthrough.fsh */,
				3B01B206246269EA00239EAD /* TriangleViewController.h */,
				3B01B207246269EA00239EAD /* TriangleViewController.m */,
			);
			path = "1.三角形";
			sourceTree = "<group>";
		};
		3B061A742462B206009DBDD3 /* shaders */ = {
			isa = PBXGroup;
			children = (
			);
			path = shaders;
			sourceTree = "<group>";
		};
		3B76AE2C246989A900FBA7E8 /* 纹理保持比例（暴力） */ = {
			isa = PBXGroup;
			children = (
				3B76AE2D246989E000FBA7E8 /* PreserAspectRatioForceViewController.h */,
				3B76AE2E246989E000FBA7E8 /* PreserAspectRatioForceViewController.m */,
			);
			path = "纹理保持比例（暴力）";
			sourceTree = "<group>";
		};
		3B76AE302469C65A00FBA7E8 /* OpenGL ES 实现填充模式 */ = {
			isa = PBXGroup;
			children = (
				3B76AE312469C6AE00FBA7E8 /* OpenGLDisplayFillModeViewController.h */,
				3B76AE322469C6AE00FBA7E8 /* OpenGLDisplayFillModeViewController.m */,
			);
			path = "OpenGL ES 实现填充模式";
			sourceTree = "<group>";
		};
		3B76AE342469D02F00FBA7E8 /* OpenGL ES 纹理采样模式 */ = {
			isa = PBXGroup;
			children = (
				3B76AE352469D0C000FBA7E8 /* OpenGLSampleModeViewController.h */,
				3B76AE362469D0C000FBA7E8 /* OpenGLSampleModeViewController.m */,
			);
			path = "OpenGL ES 纹理采样模式";
			sourceTree = "<group>";
		};
		3B7AC281246478D9006DDE6E /* 2. 画一张图片 */ = {
			isa = PBXGroup;
			children = (
				3B7AC2852464790B006DDE6E /* avatar.JPG */,
				3B7AC28224647904006DDE6E /* DrawImageViewController.h */,
				3B7AC28324647904006DDE6E /* DrawImageViewController.m */,
				3B7AC28724647D6F006DDE6E /* image.vsh */,
				3B7AC28924647DDA006DDE6E /* image.fsh */,
			);
			path = "2. 画一张图片";
			sourceTree = "<group>";
		};
		3B7D6252246ED4AF00171CC1 /* 6. 旋转的立方体 */ = {
			isa = PBXGroup;
			children = (
				3B7D6253246ED67800171CC1 /* RotatingCubeViewController.h */,
				3B7D6254246ED67800171CC1 /* RotatingCubeViewController.m */,
				3B7D6255246ED67800171CC1 /* RotatingCubeViewController.xib */,
				3B7D625A246EF4A700171CC1 /* RotatingCube.vsh */,
				3B7D625C246EF50300171CC1 /* RotatingCube.fsh */,
			);
			path = "6. 旋转的立方体";
			sourceTree = "<group>";
		};
		3BA5AA20246D16E900C150FF /* 5. 三维变换 */ = {
			isa = PBXGroup;
			children = (
				3BA5AA21246D172500C150FF /* ThreeDimentionTransformViewController.h */,
				3BA5AA22246D172500C150FF /* ThreeDimentionTransformViewController.m */,
				3BA5AA23246D172500C150FF /* ThreeDimentionTransformViewController.xib */,
				3BA5AA26246D1D1E00C150FF /* ThreeDimentionTransform.vsh */,
				3BA5AA28246D1D2D00C150FF /* ThreeDimentionTransform.fsh */,
			);
			path = "5. 三维变换";
			sourceTree = "<group>";
		};
		3BA5AB002472893B00C150FF /* 7. 渲染摄像头采集数据（CVOpenGLESTextureCacheRef） */ = {
			isa = PBXGroup;
			children = (
				3BA5AB01247289D700C150FF /* RenderCameraBufferViewController.h */,
				3BA5AB02247289D700C150FF /* RenderCameraBufferViewController.m */,
				3BA5AB03247289D700C150FF /* RenderCameraBufferViewController.xib */,
				3BA5AB062472953F00C150FF /* RenderCameraBuffer.vsh */,
				3BA5AB082472954C00C150FF /* RenderCameraBuffer.fsh */,
			);
			path = "7. 渲染摄像头采集数据（CVOpenGLESTextureCacheRef）";
			sourceTree = "<group>";
		};
		3BCEC2152469645E00BD0C10 /* 3. 纹理详解 */ = {
			isa = PBXGroup;
			children = (
				3B76AE342469D02F00FBA7E8 /* OpenGL ES 纹理采样模式 */,
				3B76AE302469C65A00FBA7E8 /* OpenGL ES 实现填充模式 */,
				3BCEC216246964A200BD0C10 /* AVMakeRectWithAspectRatioInsideRect测试 */,
				3B76AE2C246989A900FBA7E8 /* 纹理保持比例（暴力） */,
			);
			path = "3. 纹理详解";
			sourceTree = "<group>";
		};
		3BCEC216246964A200BD0C10 /* AVMakeRectWithAspectRatioInsideRect测试 */ = {
			isa = PBXGroup;
			children = (
				3BCEC217246964CE00BD0C10 /* TestAVFoundationAspectRatioViewController.h */,
				3BCEC218246964CE00BD0C10 /* TestAVFoundationAspectRatioViewController.m */,
			);
			path = "AVMakeRectWithAspectRatioInsideRect测试";
			sourceTree = "<group>";
		};
		3BCEC21A246A88BD00BD0C10 /* 4. 滤镜链 */ = {
			isa = PBXGroup;
			children = (
				3BCEC21E246A8B4E00BD0C10 /* GaryFilter.fsh */,
				3BCEC220246A8B6900BD0C10 /* BrightnessFilter.fsh */,
				3BCEC222246A917000BD0C10 /* PassthroughTexture.vsh */,
				3B7E6285246BE000001FA4CE /* CustomFilterChainViewController.h */,
				3B7E6286246BE000001FA4CE /* CustomFilterChainViewController.m */,
				3B7E6287246BE000001FA4CE /* CustomFilterChainViewController.xib */,
			);
			path = "4. 滤镜链";
			sourceTree = "<group>";
		};
		3BCEC224246A9F2C00BD0C10 /* Frameworks */ = {
			isa = PBXGroup;
			children = (
				3BCEC225246A9F2C00BD0C10 /* OpenGLES.framework */,
			);
			name = Frameworks;
			sourceTree = "<group>";
		};
/* End PBXGroup section */

/* Begin PBXNativeTarget section */
		3B01B1E5246268C300239EAD /* OpenGLTest */ = {
			isa = PBXNativeTarget;
			buildConfigurationList = 3B01B1FF246268C700239EAD /* Build configuration list for PBXNativeTarget "OpenGLTest" */;
			buildPhases = (
				3B01B1E2246268C300239EAD /* Sources */,
				3B01B1E3246268C300239EAD /* Frameworks */,
				3B01B1E4246268C300239EAD /* Resources */,
			);
			buildRules = (
			);
			dependencies = (
			);
			name = OpenGLTest;
			productName = OpenGLTest;
			productReference = 3B01B1E6246268C300239EAD /* OpenGLTest.app */;
			productType = "com.apple.product-type.application";
		};
/* End PBXNativeTarget section */

/* Begin PBXProject section */
		3B01B1DE246268C300239EAD /* Project object */ = {
			isa = PBXProject;
			attributes = {
				LastUpgradeCheck = 1130;
				ORGANIZATIONNAME = "苏金劲";
				TargetAttributes = {
					3B01B1E5246268C300239EAD = {
						CreatedOnToolsVersion = 11.3.1;
					};
				};
			};
			buildConfigurationList = 3B01B1E1246268C300239EAD /* Build configuration list for PBXProject "OpenGLTest" */;
			compatibilityVersion = "Xcode 9.3";
			developmentRegion = en;
			hasScannedForEncodings = 0;
			knownRegions = (
				en,
				Base,
			);
			mainGroup = 3B01B1DD246268C300239EAD;
			productRefGroup = 3B01B1E7246268C300239EAD /* Products */;
			projectDirPath = "";
			projectRoot = "";
			targets = (
				3B01B1E5246268C300239EAD /* OpenGLTest */,
			);
		};
/* End PBXProject section */

/* Begin PBXResourcesBuildPhase section */
		3B01B1E4246268C300239EAD /* Resources */ = {
			isa = PBXResourcesBuildPhase;
			buildActionMask = 2147483647;
			files = (
				3BA5AB072472953F00C150FF /* RenderCameraBuffer.vsh in Resources */,
				3BA5AB092472954C00C150FF /* RenderCameraBuffer.fsh in Resources */,
				3BA5AA25246D172500C150FF /* ThreeDimentionTransformViewController.xib in Resources */,
				3B7D6257246ED67800171CC1 /* RotatingCubeViewController.xib in Resources */,
				3BA5AA27246D1D1E00C150FF /* ThreeDimentionTransform.vsh in Resources */,
				3B7AC2862464790B006DDE6E /* avatar.JPG in Resources */,
				3BA5AA29246D1D2D00C150FF /* ThreeDimentionTransform.fsh in Resources */,
				3B01B1F6246268C700239EAD /* Assets.xcassets in Resources */,
				3B7D625D246EF50300171CC1 /* RotatingCube.fsh in Resources */,
				3BCEC221246A8B6900BD0C10 /* BrightnessFilter.fsh in Resources */,
				3BCEC21F246A8B4E00BD0C10 /* GaryFilter.fsh in Resources */,
				3B061A782462B242009DBDD3 /* passthrough.fsh in Resources */,
				3B061A762462B224009DBDD3 /* passthrough.vsh in Resources */,
				3B7AC28824647D6F006DDE6E /* image.vsh in Resources */,
				3B7AC28A24647DDA006DDE6E /* image.fsh in Resources */,
				3BCEC223246A917000BD0C10 /* PassthroughTexture.vsh in Resources */,
				3B7E6289246BE000001FA4CE /* CustomFilterChainViewController.xib in Resources */,
				3BA5AB05247289D700C150FF /* RenderCameraBufferViewController.xib in Resources */,
				3B7D625B246EF4A700171CC1 /* RotatingCube.vsh in Resources */,
			);
			runOnlyForDeploymentPostprocessing = 0;
		};
/* End PBXResourcesBuildPhase section */

/* Begin PBXSourcesBuildPhase section */
		3B01B1E2246268C300239EAD /* Sources */ = {
			isa = PBXSourcesBuildPhase;
			buildActionMask = 2147483647;
			files = (
				3BA5AA24246D172500C150FF /* ThreeDimentionTransformViewController.m in Sources */,
				3B76AE372469D0C000FBA7E8 /* OpenGLSampleModeViewController.m in Sources */,
				3B7E6288246BE000001FA4CE /* CustomFilterChainViewController.m in Sources */,
				3BCEC219246964CE00BD0C10 /* TestAVFoundationAspectRatioViewController.m in Sources */,
				3B7AC28424647904006DDE6E /* DrawImageViewController.m in Sources */,
				3B01B208246269EA00239EAD /* TriangleViewController.m in Sources */,
				3B01B1F1246268C300239EAD /* ViewController.m in Sources */,
				3B76AE332469C6AE00FBA7E8 /* OpenGLDisplayFillModeViewController.m in Sources */,
				3B01B1EB246268C300239EAD /* AppDelegate.m in Sources */,
				3B89454E2463277A0046F231 /* OpenGLESUtils.m in Sources */,
				3B01B1FC246268C700239EAD /* main.m in Sources */,
				3B76AE2F246989E000FBA7E8 /* PreserAspectRatioForceViewController.m in Sources */,
				3B7D6256246ED67800171CC1 /* RotatingCubeViewController.m in Sources */,
				3BA5AB04247289D700C150FF /* RenderCameraBufferViewController.m in Sources */,
			);
			runOnlyForDeploymentPostprocessing = 0;
		};
/* End PBXSourcesBuildPhase section */

/* Begin XCBuildConfiguration section */
		3B01B1FD246268C700239EAD /* Debug */ = {
			isa = XCBuildConfiguration;
			buildSettings = {
				ALWAYS_SEARCH_USER_PATHS = NO;
				CLANG_ANALYZER_NONNULL = YES;
				CLANG_ANALYZER_NUMBER_OBJECT_CONVERSION = YES_AGGRESSIVE;
				CLANG_CXX_LANGUAGE_STANDARD = "gnu++14";
				CLANG_CXX_LIBRARY = "libc++";
				CLANG_ENABLE_MODULES = YES;
				CLANG_ENABLE_OBJC_ARC = YES;
				CLANG_ENABLE_OBJC_WEAK = YES;
				CLANG_WARN_BLOCK_CAPTURE_AUTORELEASING = YES;
				CLANG_WARN_BOOL_CONVERSION = YES;
				CLANG_WARN_COMMA = YES;
				CLANG_WARN_CONSTANT_CONVERSION = YES;
				CLANG_WARN_DEPRECATED_OBJC_IMPLEMENTATIONS = YES;
				CLANG_WARN_DIRECT_OBJC_ISA_USAGE = YES_ERROR;
				CLANG_WARN_DOCUMENTATION_COMMENTS = YES;
				CLANG_WARN_EMPTY_BODY = YES;
				CLANG_WARN_ENUM_CONVERSION = YES;
				CLANG_WARN_INFINITE_RECURSION = YES;
				CLANG_WARN_INT_CONVERSION = YES;
				CLANG_WARN_NON_LITERAL_NULL_CONVERSION = YES;
				CLANG_WARN_OBJC_IMPLICIT_RETAIN_SELF = YES;
				CLANG_WARN_OBJC_LITERAL_CONVERSION = YES;
				CLANG_WARN_OBJC_ROOT_CLASS = YES_ERROR;
				CLANG_WARN_RANGE_LOOP_ANALYSIS = YES;
				CLANG_WARN_STRICT_PROTOTYPES = YES;
				CLANG_WARN_SUSPICIOUS_MOVE = YES;
				CLANG_WARN_UNGUARDED_AVAILABILITY = YES_AGGRESSIVE;
				CLANG_WARN_UNREACHABLE_CODE = YES;
				CLANG_WARN__DUPLICATE_METHOD_MATCH = YES;
				COPY_PHASE_STRIP = NO;
				DEBUG_INFORMATION_FORMAT = dwarf;
				ENABLE_STRICT_OBJC_MSGSEND = YES;
				ENABLE_TESTABILITY = YES;
				GCC_C_LANGUAGE_STANDARD = gnu11;
				GCC_DYNAMIC_NO_PIC = NO;
				GCC_NO_COMMON_BLOCKS = YES;
				GCC_OPTIMIZATION_LEVEL = 0;
				GCC_PREPROCESSOR_DEFINITIONS = (
					"DEBUG=1",
					"$(inherited)",
				);
				GCC_WARN_64_TO_32_BIT_CONVERSION = YES;
				GCC_WARN_ABOUT_RETURN_TYPE = YES_ERROR;
				GCC_WARN_UNDECLARED_SELECTOR = YES;
				GCC_WARN_UNINITIALIZED_AUTOS = YES_AGGRESSIVE;
				GCC_WARN_UNUSED_FUNCTION = YES;
				GCC_WARN_UNUSED_VARIABLE = YES;
				IPHONEOS_DEPLOYMENT_TARGET = 13.2;
				MTL_ENABLE_DEBUG_INFO = INCLUDE_SOURCE;
				MTL_FAST_MATH = YES;
				ONLY_ACTIVE_ARCH = YES;
				SDKROOT = iphoneos;
			};
			name = Debug;
		};
		3B01B1FE246268C700239EAD /* Release */ = {
			isa = XCBuildConfiguration;
			buildSettings = {
				ALWAYS_SEARCH_USER_PATHS = NO;
				CLANG_ANALYZER_NONNULL = YES;
				CLANG_ANALYZER_NUMBER_OBJECT_CONVERSION = YES_AGGRESSIVE;
				CLANG_CXX_LANGUAGE_STANDARD = "gnu++14";
				CLANG_CXX_LIBRARY = "libc++";
				CLANG_ENABLE_MODULES = YES;
				CLANG_ENABLE_OBJC_ARC = YES;
				CLANG_ENABLE_OBJC_WEAK = YES;
				CLANG_WARN_BLOCK_CAPTURE_AUTORELEASING = YES;
				CLANG_WARN_BOOL_CONVERSION = YES;
				CLANG_WARN_COMMA = YES;
				CLANG_WARN_CONSTANT_CONVERSION = YES;
				CLANG_WARN_DEPRECATED_OBJC_IMPLEMENTATIONS = YES;
				CLANG_WARN_DIRECT_OBJC_ISA_USAGE = YES_ERROR;
				CLANG_WARN_DOCUMENTATION_COMMENTS = YES;
				CLANG_WARN_EMPTY_BODY = YES;
				CLANG_WARN_ENUM_CONVERSION = YES;
				CLANG_WARN_INFINITE_RECURSION = YES;
				CLANG_WARN_INT_CONVERSION = YES;
				CLANG_WARN_NON_LITERAL_NULL_CONVERSION = YES;
				CLANG_WARN_OBJC_IMPLICIT_RETAIN_SELF = YES;
				CLANG_WARN_OBJC_LITERAL_CONVERSION = YES;
				CLANG_WARN_OBJC_ROOT_CLASS = YES_ERROR;
				CLANG_WARN_RANGE_LOOP_ANALYSIS = YES;
				CLANG_WARN_STRICT_PROTOTYPES = YES;
				CLANG_WARN_SUSPICIOUS_MOVE = YES;
				CLANG_WARN_UNGUARDED_AVAILABILITY = YES_AGGRESSIVE;
				CLANG_WARN_UNREACHABLE_CODE = YES;
				CLANG_WARN__DUPLICATE_METHOD_MATCH = YES;
				COPY_PHASE_STRIP = NO;
				DEBUG_INFORMATION_FORMAT = "dwarf-with-dsym";
				ENABLE_NS_ASSERTIONS = NO;
				ENABLE_STRICT_OBJC_MSGSEND = YES;
				GCC_C_LANGUAGE_STANDARD = gnu11;
				GCC_NO_COMMON_BLOCKS = YES;
				GCC_WARN_64_TO_32_BIT_CONVERSION = YES;
				GCC_WARN_ABOUT_RETURN_TYPE = YES_ERROR;
				GCC_WARN_UNDECLARED_SELECTOR = YES;
				GCC_WARN_UNINITIALIZED_AUTOS = YES_AGGRESSIVE;
				GCC_WARN_UNUSED_FUNCTION = YES;
				GCC_WARN_UNUSED_VARIABLE = YES;
				IPHONEOS_DEPLOYMENT_TARGET = 13.2;
				MTL_ENABLE_DEBUG_INFO = NO;
				MTL_FAST_MATH = YES;
				SDKROOT = iphoneos;
				VALIDATE_PRODUCT = YES;
			};
			name = Release;
		};
		3B01B200246268C700239EAD /* Debug */ = {
			isa = XCBuildConfiguration;
			buildSettings = {
				ASSETCATALOG_COMPILER_APPICON_NAME = AppIcon;
				CODE_SIGN_IDENTITY = "Apple Development";
				CODE_SIGN_STYLE = Automatic;
				DEVELOPMENT_TEAM = NYQACL8B77;
				INFOPLIST_FILE = OpenGLTest/Info.plist;
				IPHONEOS_DEPLOYMENT_TARGET = 11.0;
				LD_RUNPATH_SEARCH_PATHS = (
					"$(inherited)",
					"@executable_path/Frameworks",
				);
				PRODUCT_BUNDLE_IDENTIFIER = com.kedc.OpenGLTest;
				PRODUCT_NAME = "$(TARGET_NAME)";
				PROVISIONING_PROFILE_SPECIFIER = "";
				TARGETED_DEVICE_FAMILY = "1,2";
			};
			name = Debug;
		};
		3B01B201246268C700239EAD /* Release */ = {
			isa = XCBuildConfiguration;
			buildSettings = {
				ASSETCATALOG_COMPILER_APPICON_NAME = AppIcon;
				CODE_SIGN_IDENTITY = "Apple Development";
				CODE_SIGN_STYLE = Automatic;
				DEVELOPMENT_TEAM = NYQACL8B77;
				INFOPLIST_FILE = OpenGLTest/Info.plist;
				IPHONEOS_DEPLOYMENT_TARGET = 11.0;
				LD_RUNPATH_SEARCH_PATHS = (
					"$(inherited)",
					"@executable_path/Frameworks",
				);
				PRODUCT_BUNDLE_IDENTIFIER = com.kedc.OpenGLTest;
				PRODUCT_NAME = "$(TARGET_NAME)";
				PROVISIONING_PROFILE_SPECIFIER = "";
				TARGETED_DEVICE_FAMILY = "1,2";
			};
			name = Release;
		};
/* End XCBuildConfiguration section */

/* Begin XCConfigurationList section */
		3B01B1E1246268C300239EAD /* Build configuration list for PBXProject "OpenGLTest" */ = {
			isa = XCConfigurationList;
			buildConfigurations = (
				3B01B1FD246268C700239EAD /* Debug */,
				3B01B1FE246268C700239EAD /* Release */,
			);
			defaultConfigurationIsVisible = 0;
			defaultConfigurationName = Release;
		};
		3B01B1FF246268C700239EAD /* Build configuration list for PBXNativeTarget "OpenGLTest" */ = {
			isa = XCConfigurationList;
			buildConfigurations = (
				3B01B200246268C700239EAD /* Debug */,
				3B01B201246268C700239EAD /* Release */,
			);
			defaultConfigurationIsVisible = 0;
			defaultConfigurationName = Release;
		};
/* End XCConfigurationList section */
	};
	rootObject = 3B01B1DE246268C300239EAD /* Project object */;
}
